
Microsoft Visual Studio Solution File, Format Version 12.00
# Visual Studio Version 17
VisualStudioVersion = 17.13.35806.99
MinimumVisualStudioVersion = 10.0.40219.1
Project("{FAE04EC0-301F-11D3-BF4B-00C04F79EFBC}") = "Asano", "Asano\Asano.csproj", "{81A1F4AD-2085-4005-B04D-152C3E6736F5}"
	ProjectSection(ProjectDependencies) = postProject
		{52D8F2DB-5CC0-B276-1E4E-0C4A97FB7003} = {52D8F2DB-5CC0-B276-1E4E-0C4A97FB7003}
	EndProjectSection
EndProject
Project("{8BC9CEB8-8B4A-11D0-8D11-00A0C91BC942}") = "_TheLib", "TheLib\TheLib.vcxproj", "{0A1DB153-B508-B54F-E7E1-7A58B9E0C7D1}"
EndProject
Project("{54A90642-561A-4BB1-A94E-469ADEE60C69}") = "_Caldera", "Caldera\_Caldera.esproj", "{52D8F2DB-5CC0-B276-1E4E-0C4A97FB7003}"
EndProject
Project("{2150E333-8FDC-42A3-9474-1A3956D46DE8}") = "Solution Items", "Solution Items", "{8EC462FD-D22E-90A8-E5CE-7E832BA40C5D}"
	ProjectSection(SolutionItems) = preProject
		Start-Caldera.ps1 = Start-Caldera.ps1
	EndProjectSection
EndProject
Project("{2150E333-8FDC-42A3-9474-1A3956D46DE8}") = "_PlatformIO", "_PlatformIO", "{02EA681E-C7D8-13C7-8484-4AC65E1B71E8}"
EndProject
Project("{FAE04EC0-301F-11D3-BF4B-00C04F79EFBC}") = "Master", "_PlatformIO\Master\Master.csproj", "{56C04F6B-B9CF-EDD0-43C8-848D347FB7A8}"
EndProject
Project("{FAE04EC0-301F-11D3-BF4B-00C04F79EFBC}") = "Tester", "_PlatformIO\Tester\Tester.csproj", "{DDF4B341-BFC8-0353-E747-C9C86588070E}"
EndProject
Global
	GlobalSection(SolutionConfigurationPlatforms) = preSolution
		Debug|x64 = Debug|x64
		Release|x64 = Release|x64
	EndGlobalSection
	GlobalSection(ProjectConfigurationPlatforms) = postSolution
		{81A1F4AD-2085-4005-B04D-152C3E6736F5}.Debug|x64.ActiveCfg = Debug|x64
		{81A1F4AD-2085-4005-B04D-152C3E6736F5}.Debug|x64.Build.0 = Debug|x64
		{81A1F4AD-2085-4005-B04D-152C3E6736F5}.Release|x64.ActiveCfg = Release|x64
		{81A1F4AD-2085-4005-B04D-152C3E6736F5}.Release|x64.Build.0 = Release|x64
		{0A1DB153-B508-B54F-E7E1-7A58B9E0C7D1}.Debug|x64.ActiveCfg = Debug|x64
		{0A1DB153-B508-B54F-E7E1-7A58B9E0C7D1}.Debug|x64.Build.0 = Debug|x64
		{0A1DB153-B508-B54F-E7E1-7A58B9E0C7D1}.Release|x64.ActiveCfg = Release|x64
		{0A1DB153-B508-B54F-E7E1-7A58B9E0C7D1}.Release|x64.Build.0 = Release|x64
		{52D8F2DB-5CC0-B276-1E4E-0C4A97FB7003}.Debug|x64.ActiveCfg = Debug|x64
		{52D8F2DB-5CC0-B276-1E4E-0C4A97FB7003}.Release|x64.ActiveCfg = Release|x64
		{56C04F6B-B9CF-EDD0-43C8-848D347FB7A8}.Debug|x64.ActiveCfg = Debug|x64
		{56C04F6B-B9CF-EDD0-43C8-848D347FB7A8}.Debug|x64.Build.0 = Debug|x64
		{56C04F6B-B9CF-EDD0-43C8-848D347FB7A8}.Release|x64.ActiveCfg = Release|x64
		{56C04F6B-B9CF-EDD0-43C8-848D347FB7A8}.Release|x64.Build.0 = Release|x64
		{DDF4B341-BFC8-0353-E747-C9C86588070E}.Debug|x64.ActiveCfg = Debug|x64
		{DDF4B341-BFC8-0353-E747-C9C86588070E}.Debug|x64.Build.0 = Debug|x64
		{DDF4B341-BFC8-0353-E747-C9C86588070E}.Release|x64.ActiveCfg = Release|x64
		{DDF4B341-BFC8-0353-E747-C9C86588070E}.Release|x64.Build.0 = Release|x64
	EndGlobalSection
	GlobalSection(SolutionProperties) = preSolution
		HideSolutionNode = FALSE
	EndGlobalSection
	GlobalSection(NestedProjects) = preSolution
		{56C04F6B-B9CF-EDD0-43C8-848D347FB7A8} = {02EA681E-C7D8-13C7-8484-4AC65E1B71E8}
		{DDF4B341-BFC8-0353-E747-C9C86588070E} = {02EA681E-C7D8-13C7-8484-4AC65E1B71E8}
	EndGlobalSection
	GlobalSection(ExtensibilityGlobals) = postSolution
		SolutionGuid = {8341246A-EF79-4A47-B513-787DC18CD5C1}
	EndGlobalSection
EndGlobal
