<?xml version="1.0" encoding="utf-8"?>
<Project ToolsVersion="4.0" xmlns="http://schemas.microsoft.com/developer/msbuild/2003">
  <ItemGroup>
    <Filter Include="Source Files">
      <UniqueIdentifier>{4FC737F1-C7A5-4376-A066-2A32D752A2FF}</UniqueIdentifier>
      <Extensions>cpp;c;cc;cxx;c++;cppm;ixx;def;odl;idl;hpj;bat;asm;asmx</Extensions>
    </Filter>
    <Filter Include="Source Files\Header Files">
      <UniqueIdentifier>{93995380-89BD-4b04-88EB-625FBE52EBFB}</UniqueIdentifier>
      <Extensions>h;hh;hpp;hxx;h++;hm;inl;inc;ipp;xsd</Extensions>
    </Filter>
    <Filter Include="Source Files\_Math">
      <UniqueIdentifier>{9d84e017-16b1-49d9-a612-0099d8d3b026}</UniqueIdentifier>
    </Filter>
    <Filter Include="Source Files\_Telemetry">
      <UniqueIdentifier>{9ec876de-a759-4f35-873f-0a117dd95d73}</UniqueIdentifier>
    </Filter>
    <Filter Include="Source Files\_Packets">
      <UniqueIdentifier>{2b313421-8c9c-4ca1-bd27-2271544bb84c}</UniqueIdentifier>
    </Filter>
    <Filter Include="Source Files\_CSV">
      <UniqueIdentifier>{4ac13a2c-6d4e-4392-a3cb-c41817d552da}</UniqueIdentifier>
    </Filter>
    <Filter Include="Source Files\_CSV\Header Files">
      <UniqueIdentifier>{0f01fec8-df09-4cdb-9663-9123a3a32164}</UniqueIdentifier>
    </Filter>
  </ItemGroup>
  <ItemGroup>
    <ClInclude Include="src\CSerial.h">
      <Filter>Source Files\Header Files</Filter>
    </ClInclude>
    <ClInclude Include="src\CHandleGuard.h">
      <Filter>Source Files\Header Files</Filter>
    </ClInclude>
    <ClInclude Include="src\ManagedCallbacks.h">
      <Filter>Source Files\Header Files</Filter>
    </ClInclude>
    <ClInclude Include="src\Utilities.h">
      <Filter>Source Files\Header Files</Filter>
    </ClInclude>
    <ClInclude Include="src\EventRaisers.h">
      <Filter>Source Files\Header Files</Filter>
    </ClInclude>
    <ClInclude Include="src\SerialHelper.h">
      <Filter>Source Files\Header Files</Filter>
    </ClInclude>
    <ClInclude Include="src\Packets\CPackets.h">
      <Filter>Source Files\_Packets</Filter>
    </ClInclude>
    <ClInclude Include="src\Packets\Packets.h">
      <Filter>Source Files\_Packets</Filter>
    </ClInclude>
    <ClInclude Include="src\Packets\CDecoder.h">
      <Filter>Source Files\_Packets</Filter>
    </ClInclude>
    <ClInclude Include="src\Packets\Decoder.h">
      <Filter>Source Files\_Packets</Filter>
    </ClInclude>
    <ClInclude Include="src\AString.h">
      <Filter>Source Files\Header Files</Filter>
    </ClInclude>
    <ClInclude Include="src\TeensySerial.h">
      <Filter>Source Files\Header Files</Filter>
    </ClInclude>
    <ClInclude Include="src\_Config.h">
      <Filter>Source Files\Header Files</Filter>
    </ClInclude>
    <ClInclude Include="src\RunningAverage.h">
      <Filter>Source Files\Header Files</Filter>
    </ClInclude>
    <ClInclude Include="src\CRunningAverage.h">
      <Filter>Source Files\Header Files</Filter>
    </ClInclude>
    <ClInclude Include="src\Math\ZFixer.h">
      <Filter>Source Files\_Math</Filter>
    </ClInclude>
    <ClInclude Include="src\Math\CLinearRegress.h">
      <Filter>Source Files\_Math</Filter>
    </ClInclude>
    <ClInclude Include="src\Math\CMatrix3x3.h">
      <Filter>Source Files\_Math</Filter>
    </ClInclude>
    <ClInclude Include="src\Math\CTypes.h">
      <Filter>Source Files\_Math</Filter>
    </ClInclude>
    <ClInclude Include="src\Math\CQuadRegress.h">
      <Filter>Source Files\_Math</Filter>
    </ClInclude>
    <ClInclude Include="src\Math\CDiscontinuityFixer.h">
      <Filter>Source Files\_Math</Filter>
    </ClInclude>
    <ClInclude Include="src\ObjectPool.h">
      <Filter>Source Files\Header Files</Filter>
    </ClInclude>
    <ClInclude Include="src\ADictionary.h">
      <Filter>Source Files\Header Files</Filter>
    </ClInclude>
    <ClInclude Include="src\Math\CDiscontinuityAnalyzer.h">
      <Filter>Source Files\_Math</Filter>
    </ClInclude>
    <ClInclude Include="src\Packets\XCommands.h">
      <Filter>Source Files\_Packets</Filter>
    </ClInclude>
    <ClInclude Include="src\Packets\WebData.h">
      <Filter>Source Files\_Packets</Filter>
    </ClInclude>
    <ClInclude Include="src\Packets\UnsafeStrings.h">
      <Filter>Source Files\Header Files</Filter>
    </ClInclude>
    <ClInclude Include="src\MyTimer.h">
      <Filter>Source Files\Header Files</Filter>
    </ClInclude>
    <ClInclude Include="src\C64bitTimer.h">
      <Filter>Source Files\Header Files</Filter>
    </ClInclude>
    <ClInclude Include="src\CTimerBase.h">
      <Filter>Source Files\Header Files</Filter>
    </ClInclude>
    <ClInclude Include="src\CTimer.h">
      <Filter>Source Files\Header Files</Filter>
    </ClInclude>
    <ClInclude Include="src\ScreenHelper.h">
      <Filter>Source Files\Header Files</Filter>
    </ClInclude>
    <ClInclude Include="src\CSV\CBufferedCsvFile.h">
      <Filter>Source Files\_CSV\Header Files</Filter>
    </ClInclude>
    <ClInclude Include="src\CSV\CCsvFormatter.h">
      <Filter>Source Files\_CSV\Header Files</Filter>
    </ClInclude>
    <ClInclude Include="src\CSV\CCsvNames.h">
      <Filter>Source Files\_CSV\Header Files</Filter>
    </ClInclude>
    <ClInclude Include="src\CSV\CCsvSample.h">
      <Filter>Source Files\_CSV\Header Files</Filter>
    </ClInclude>
    <ClInclude Include="src\CSV\CCsvRecorder.h">
      <Filter>Source Files\_CSV\Header Files</Filter>
    </ClInclude>
    <ClInclude Include="src\CSV\CCsvSampleQueue.h">
      <Filter>Source Files\_CSV\Header Files</Filter>
    </ClInclude>
    <ClInclude Include="src\CSV\CCsvSession.h">
      <Filter>Source Files\_CSV\Header Files</Filter>
    </ClInclude>
    <ClInclude Include="src\CSV\CCsvSessionPaths.h">
      <Filter>Source Files\_CSV\Header Files</Filter>
    </ClInclude>
    <ClInclude Include="src\CSV\CCsvStateNames.h">
      <Filter>Source Files\_CSV\Header Files</Filter>
    </ClInclude>
    <ClInclude Include="src\CSV\CEnvelopeCsvWriter.h">
      <Filter>Source Files\_CSV\Header Files</Filter>
    </ClInclude>
    <ClInclude Include="src\Telemetry\0. CTeleValue.h">
      <Filter>Source Files\_Telemetry</Filter>
    </ClInclude>
    <ClInclude Include="src\Telemetry\1. CTeleCounter.h">
      <Filter>Source Files\_Telemetry</Filter>
    </ClInclude>
    <ClInclude Include="src\Telemetry\2. CTeleTimer.h">
      <Filter>Source Files\_Telemetry</Filter>
    </ClInclude>
    <ClInclude Include="src\Telemetry\3. CTelePeriod.h">
      <Filter>Source Files\_Telemetry</Filter>
    </ClInclude>
    <ClInclude Include="src\Telemetry\CTelemetry.h">
      <Filter>Source Files\_Telemetry</Filter>
    </ClInclude>
  </ItemGroup>
  <ItemGroup>
    <ClCompile Include="AssemblyInfo.cpp" />
    <ClCompile Include="src\CSerial.cpp">
      <Filter>Source Files</Filter>
    </ClCompile>
    <ClCompile Include="src\ManagedCallbacks.cpp">
      <Filter>Source Files</Filter>
    </ClCompile>
    <ClCompile Include="src\Utilities.cpp">
      <Filter>Source Files</Filter>
    </ClCompile>
    <ClCompile Include="src\SerialHelper.cpp">
      <Filter>Source Files</Filter>
    </ClCompile>
    <ClCompile Include="src\SerialHelper_GetUSBSerialPorts.cpp">
      <Filter>Source Files</Filter>
    </ClCompile>
    <ClCompile Include="src\Packets\Packets.cpp">
      <Filter>Source Files\_Packets</Filter>
    </ClCompile>
    <ClCompile Include="src\Packets\CPackets.cpp">
      <Filter>Source Files\_Packets</Filter>
    </ClCompile>
    <ClCompile Include="src\Packets\CDecoder.cpp">
      <Filter>Source Files\_Packets</Filter>
    </ClCompile>
    <ClCompile Include="src\Packets\Decoder.cpp">
      <Filter>Source Files\_Packets</Filter>
    </ClCompile>
    <ClCompile Include="src\AString.cpp">
      <Filter>Source Files</Filter>
    </ClCompile>
    <ClCompile Include="src\TeensySerial.cpp">
      <Filter>Source Files</Filter>
    </ClCompile>
    <ClCompile Include="src\_Config.cpp">
      <Filter>Source Files</Filter>
    </ClCompile>
    <ClCompile Include="src\RunningAverage.cpp">
      <Filter>Source Files</Filter>
    </ClCompile>
    <ClCompile Include="src\Math\ZFixer.cpp">
      <Filter>Source Files\_Math</Filter>
    </ClCompile>
    <ClCompile Include="src\Math\CDiscontinuityAnalyzer.cpp">
      <Filter>Source Files\_Math</Filter>
    </ClCompile>
    <ClCompile Include="src\Math\CDiscontinuityAnalyser_Test.cpp">
      <Filter>Source Files\_Math</Filter>
    </ClCompile>
    <ClCompile Include="src\Math\CDiscontinuityFixer.cpp">
      <Filter>Source Files\_Math</Filter>
    </ClCompile>
    <ClCompile Include="src\Packets\UnsafeStrings.cpp">
      <Filter>Source Files</Filter>
    </ClCompile>
    <ClCompile Include="src\Sleep.cpp">
      <Filter>Source Files</Filter>
    </ClCompile>
    <ClCompile Include="src\MyTimer.cpp">
      <Filter>Source Files</Filter>
    </ClCompile>
    <ClCompile Include="src\ScreenHelper.cpp">
      <Filter>Source Files</Filter>
    </ClCompile>
    <ClCompile Include="src\C64bitTimer.cpp">
      <Filter>Source Files</Filter>
    </ClCompile>
    <ClCompile Include="src\CTimerBase.cpp">
      <Filter>Source Files</Filter>
    </ClCompile>
    <ClCompile Include="src\CTimer.cpp">
      <Filter>Source Files</Filter>
    </ClCompile>
    <ClCompile Include="src\CSV\CBufferedCsvFile.cpp">
      <Filter>Source Files\_CSV</Filter>
    </ClCompile>
    <ClCompile Include="src\CSV\CCsvFormatter.cpp">
      <Filter>Source Files\_CSV</Filter>
    </ClCompile>
    <ClCompile Include="src\CSV\CCsvNames.cpp">
      <Filter>Source Files\_CSV</Filter>
    </ClCompile>
    <ClCompile Include="src\CSV\CCsvRecorder.cpp">
      <Filter>Source Files\_CSV</Filter>
    </ClCompile>
    <ClCompile Include="src\CSV\CCsvSampleQueue.cpp">
      <Filter>Source Files\_CSV</Filter>
    </ClCompile>
    <ClCompile Include="src\CSV\CCsvSession.cpp">
      <Filter>Source Files\_CSV</Filter>
    </ClCompile>
    <ClCompile Include="src\CSV\CCsvSessionPaths.cpp">
      <Filter>Source Files\_CSV</Filter>
    </ClCompile>
    <ClCompile Include="src\CSV\CCsvStateNames.cpp">
      <Filter>Source Files\_CSV</Filter>
    </ClCompile>
    <ClCompile Include="src\CSV\CEnvelopeCsvWriter.cpp">
      <Filter>Source Files\_CSV</Filter>
    </ClCompile>
    <ClCompile Include="src\Telemetry\2. CTeleTimer.cpp">
      <Filter>Source Files\_Telemetry</Filter>
    </ClCompile>
    <ClCompile Include="src\Telemetry\3. CTelePeriod.cpp">
      <Filter>Source Files\_Telemetry</Filter>
    </ClCompile>
    <ClCompile Include="src\Telemetry\CTelemetry.cpp">
      <Filter>Source Files\_Telemetry</Filter>
    </ClCompile>
  </ItemGroup>
  <ItemGroup>
    <None Include="cpp.hint" />
  </ItemGroup>
</Project>
